# THIS IS AN AUTOGENERATED FILE. DO NOT EDIT THIS FILE DIRECTLY.
assets/product.min.js:
  development: 2017-09-07T13:09:40+01:00   d8bcd92c82736e0e3adcf5ff670cc2d7
assets/styles.scss.liquid:
  development: 2017-09-07T14:41:59+01:00   85fb55e5fc1c0be9ad8ccae98a50d1f4
snippets/product-customizer.liquid:
  development: 2017-09-07T11:38:07+01:00   2c14103fa00e722037f1aed4a96d9d70
templates/product.liquid:
  development: 2017-09-07T15:12:31+01:00   b654dbefeba297a1d1b9350fdc08dcfd
