# THIS IS AN AUTOGENERATED FILE. DO NOT EDIT THIS FILE DIRECTLY.
assets/product-customizer.scss.liquid:
  development: 2017-09-07T16:55:53+01:00   97ac97be0ff6714b7e54f81a88c4270c
assets/product.min.js:
  development: 2017-09-07T16:21:24+01:00   b4902000e6497d9728f5cd4359fa4ca6
assets/styles.scss.liquid:
  development: 2017-09-09T11:46:41+01:00   1ad3a9809e810d670a21676d279d0ac6
snippets/product-customizer.liquid:
  development: 2017-09-07T11:38:07+01:00   2c14103fa00e722037f1aed4a96d9d70
snippets/search-result-loop.liquid:
  development: 2017-09-13T16:19:21+01:00   b5a95cb902397a84500cab084f7b6847
templates/index.liquid:
  development: 2017-09-09T10:50:01+01:00   08060654a110d058762e8dbae980d91e
templates/product.liquid:
  development: 2017-09-13T15:17:27+01:00   e00a2884a92f8aacf430a05877b2ff70
templates/product.personalised-name-plaque.liquid:
  development: 2017-09-09T11:56:38+01:00   04351dd49ac5108ac7ce8562b571faac
templates/search.liquid:
  development: 2017-09-13T15:52:35+01:00   bbe87e6a5a3c6ed58037fbecb04fafc9
